
Microsoft Visual Studio Solution File, Format Version 12.00
# Visual Studio Version 16
VisualStudioVersion = 16.0.30114.105
MinimumVisualStudioVersion = 10.0.40219.1
Project("{FAE04EC0-301F-11D3-BF4B-00C04F79EFBC}") = "Ex_01_test", "Ex_01_test\Ex_01_test.csproj", "{16E298E6-7997-4B27-AC59-646B51CFC5CC}"
EndProject
Project("{FAE04EC0-301F-11D3-BF4B-00C04F79EFBC}") = "TO_DO", "Ex_01\TO_DO.csproj", "{57B55F43-D4E9-47CC-8F04-B419DF2C0C63}"
EndProject
Global
	GlobalSection(SolutionConfigurationPlatforms) = preSolution
		Debug|Any CPU = Debug|Any CPU
		Release|Any CPU = Release|Any CPU
	EndGlobalSection
	GlobalSection(SolutionProperties) = preSolution
		HideSolutionNode = FALSE
	EndGlobalSection
	GlobalSection(ProjectConfigurationPlatforms) = postSolution
		{16E298E6-7997-4B27-AC59-646B51CFC5CC}.Debug|Any CPU.ActiveCfg = Debug|Any CPU
		{16E298E6-7997-4B27-AC59-646B51CFC5CC}.Debug|Any CPU.Build.0 = Debug|Any CPU
		{16E298E6-7997-4B27-AC59-646B51CFC5CC}.Release|Any CPU.ActiveCfg = Release|Any CPU
		{16E298E6-7997-4B27-AC59-646B51CFC5CC}.Release|Any CPU.Build.0 = Release|Any CPU
		{57B55F43-D4E9-47CC-8F04-B419DF2C0C63}.Debug|Any CPU.ActiveCfg = Debug|Any CPU
		{57B55F43-D4E9-47CC-8F04-B419DF2C0C63}.Debug|Any CPU.Build.0 = Debug|Any CPU
		{57B55F43-D4E9-47CC-8F04-B419DF2C0C63}.Release|Any CPU.ActiveCfg = Release|Any CPU
		{57B55F43-D4E9-47CC-8F04-B419DF2C0C63}.Release|Any CPU.Build.0 = Release|Any CPU
	EndGlobalSection
EndGlobal
